// !$*UTF8*$!
{
	archiveVersion = 1;
	classes = {
	};
	objectVersion = 56;
	objects = {

/* Begin PBXBuildFile section */
		BB7DCF692B0E880D00D70D3E /* UsersMapApp.swift in Sources */ = {isa = PBXBuildFile; fileRef = BB7DCF682B0E880D00D70D3E /* UsersMapApp.swift */; };
		BB7DCF6D2B0E880E00D70D3E /* Assets.xcassets in Resources */ = {isa = PBXBuildFile; fileRef = BB7DCF6C2B0E880E00D70D3E /* Assets.xcassets */; };
		BB7DCF702B0E880E00D70D3E /* Preview Assets.xcassets in Resources */ = {isa = PBXBuildFile; fileRef = BB7DCF6F2B0E880E00D70D3E /* Preview Assets.xcassets */; };
		BB7DCF862B0E88D600D70D3E /* NetworkError.swift in Sources */ = {isa = PBXBuildFile; fileRef = BB7DCF7D2B0E88D600D70D3E /* NetworkError.swift */; };
		BB7DCF872B0E88D600D70D3E /* Constants.swift in Sources */ = {isa = PBXBuildFile; fileRef = BB7DCF7F2B0E88D600D70D3E /* Constants.swift */; };
		BB7DCF882B0E88D600D70D3E /* NetworkManager.swift in Sources */ = {isa = PBXBuildFile; fileRef = BB7DCF802B0E88D600D70D3E /* NetworkManager.swift */; };
		BB7DCF892B0E88D600D70D3E /* UserMapViewModel.swift in Sources */ = {isa = PBXBuildFile; fileRef = BB7DCF822B0E88D600D70D3E /* UserMapViewModel.swift */; };
		BB7DCF8B2B0E88F200D70D3E /* UserMapView.swift in Sources */ = {isa = PBXBuildFile; fileRef = BB7DCF8A2B0E88F200D70D3E /* UserMapView.swift */; };
		BB7DCF8D2B0E890600D70D3E /* LocationManager.swift in Sources */ = {isa = PBXBuildFile; fileRef = BB7DCF8C2B0E890600D70D3E /* LocationManager.swift */; };
		BB7DCF902B0E8A4C00D70D3E /* MKCoordinateRegion.swift in Sources */ = {isa = PBXBuildFile; fileRef = BB7DCF8F2B0E8A4C00D70D3E /* MKCoordinateRegion.swift */; };
		BB7DCF932B0E8C8200D70D3E /* User.swift in Sources */ = {isa = PBXBuildFile; fileRef = BB7DCF922B0E8C8200D70D3E /* User.swift */; };
		BB91C0472B113D9C00B14096 /* MainCoordinator.swift in Sources */ = {isa = PBXBuildFile; fileRef = BB91C0462B113D9C00B14096 /* MainCoordinator.swift */; };
		BB91C0492B113F6800B14096 /* UserMapStartView.swift in Sources */ = {isa = PBXBuildFile; fileRef = BB91C0482B113F6800B14096 /* UserMapStartView.swift */; };
		BBA5B4D92B0FAE930079A4A2 /* PetsViewModel.swift in Sources */ = {isa = PBXBuildFile; fileRef = BBA5B4D82B0FAE930079A4A2 /* PetsViewModel.swift */; };
		BBC2BFA22B112FB400502399 /* UserMapAnnotationView.swift in Sources */ = {isa = PBXBuildFile; fileRef = BBC2BFA12B112FB400502399 /* UserMapAnnotationView.swift */; };
		BBC2BFA42B11364B00502399 /* UserDetailsView.swift in Sources */ = {isa = PBXBuildFile; fileRef = BBC2BFA32B11364B00502399 /* UserDetailsView.swift */; };
		BBE7AA2D2B0F9FCE0069078A /* MapCameraPosition.swift in Sources */ = {isa = PBXBuildFile; fileRef = BBE7AA2C2B0F9FCE0069078A /* MapCameraPosition.swift */; };
		BBE7AA2F2B0FA3000069078A /* Pet.swift in Sources */ = {isa = PBXBuildFile; fileRef = BBE7AA2E2B0FA3000069078A /* Pet.swift */; };
		BBE7AA322B0FA4600069078A /* PetCoreData.xcdatamodeld in Sources */ = {isa = PBXBuildFile; fileRef = BBE7AA302B0FA4600069078A /* PetCoreData.xcdatamodeld */; };
		BBE7AA342B0FA4FE0069078A /* PetCoreDataManager.swift in Sources */ = {isa = PBXBuildFile; fileRef = BBE7AA332B0FA4FE0069078A /* PetCoreDataManager.swift */; };
		BBE7AA372B0FA5D00069078A /* Persistence.swift in Sources */ = {isa = PBXBuildFile; fileRef = BBE7AA362B0FA5D00069078A /* Persistence.swift */; };
		BBE7AA392B0FA8BF0069078A /* ContentTabView.swift in Sources */ = {isa = PBXBuildFile; fileRef = BBE7AA382B0FA8BF0069078A /* ContentTabView.swift */; };
		BBE7AA3B2B0FA8E30069078A /* PetsView.swift in Sources */ = {isa = PBXBuildFile; fileRef = BBE7AA3A2B0FA8E30069078A /* PetsView.swift */; };
		BBE7AA3E2B0FA90B0069078A /* PetCellView.swift in Sources */ = {isa = PBXBuildFile; fileRef = BBE7AA3D2B0FA90B0069078A /* PetCellView.swift */; };
		BBE7AA402B0FA9170069078A /* KeyChainView.swift in Sources */ = {isa = PBXBuildFile; fileRef = BBE7AA3F2B0FA9170069078A /* KeyChainView.swift */; };
		BBE7AA422B0FA9960069078A /* KeyChainViewModel.swift in Sources */ = {isa = PBXBuildFile; fileRef = BBE7AA412B0FA9960069078A /* KeyChainViewModel.swift */; };
/* End PBXBuildFile section */

/* Begin PBXFileReference section */
		BB7DCF652B0E880D00D70D3E /* UsersMap.app */ = {isa = PBXFileReference; explicitFileType = wrapper.application; includeInIndex = 0; path = UsersMap.app; sourceTree = BUILT_PRODUCTS_DIR; };
		BB7DCF682B0E880D00D70D3E /* UsersMapApp.swift */ = {isa = PBXFileReference; lastKnownFileType = sourcecode.swift; path = UsersMapApp.swift; sourceTree = "<group>"; };
		BB7DCF6C2B0E880E00D70D3E /* Assets.xcassets */ = {isa = PBXFileReference; lastKnownFileType = folder.assetcatalog; path = Assets.xcassets; sourceTree = "<group>"; };
		BB7DCF6F2B0E880E00D70D3E /* Preview Assets.xcassets */ = {isa = PBXFileReference; lastKnownFileType = folder.assetcatalog; path = "Preview Assets.xcassets"; sourceTree = "<group>"; };
		BB7DCF7D2B0E88D600D70D3E /* NetworkError.swift */ = {isa = PBXFileReference; fileEncoding = 4; lastKnownFileType = sourcecode.swift; path = NetworkError.swift; sourceTree = "<group>"; };
		BB7DCF7F2B0E88D600D70D3E /* Constants.swift */ = {isa = PBXFileReference; fileEncoding = 4; lastKnownFileType = sourcecode.swift; path = Constants.swift; sourceTree = "<group>"; };
		BB7DCF802B0E88D600D70D3E /* NetworkManager.swift */ = {isa = PBXFileReference; fileEncoding = 4; lastKnownFileType = sourcecode.swift; path = NetworkManager.swift; sourceTree = "<group>"; };
		BB7DCF822B0E88D600D70D3E /* UserMapViewModel.swift */ = {isa = PBXFileReference; fileEncoding = 4; lastKnownFileType = sourcecode.swift; path = UserMapViewModel.swift; sourceTree = "<group>"; };
		BB7DCF8A2B0E88F200D70D3E /* UserMapView.swift */ = {isa = PBXFileReference; lastKnownFileType = sourcecode.swift; path = UserMapView.swift; sourceTree = "<group>"; };
		BB7DCF8C2B0E890600D70D3E /* LocationManager.swift */ = {isa = PBXFileReference; lastKnownFileType = sourcecode.swift; path = LocationManager.swift; sourceTree = "<group>"; };
		BB7DCF8F2B0E8A4C00D70D3E /* MKCoordinateRegion.swift */ = {isa = PBXFileReference; lastKnownFileType = sourcecode.swift; path = MKCoordinateRegion.swift; sourceTree = "<group>"; };
		BB7DCF922B0E8C8200D70D3E /* User.swift */ = {isa = PBXFileReference; lastKnownFileType = sourcecode.swift; path = User.swift; sourceTree = "<group>"; };
		BB91C0462B113D9C00B14096 /* MainCoordinator.swift */ = {isa = PBXFileReference; lastKnownFileType = sourcecode.swift; path = MainCoordinator.swift; sourceTree = "<group>"; };
		BB91C0482B113F6800B14096 /* UserMapStartView.swift */ = {isa = PBXFileReference; lastKnownFileType = sourcecode.swift; path = UserMapStartView.swift; sourceTree = "<group>"; };
		BBA5B4D82B0FAE930079A4A2 /* PetsViewModel.swift */ = {isa = PBXFileReference; lastKnownFileType = sourcecode.swift; path = PetsViewModel.swift; sourceTree = "<group>"; };
		BBC2BFA12B112FB400502399 /* UserMapAnnotationView.swift */ = {isa = PBXFileReference; lastKnownFileType = sourcecode.swift; path = UserMapAnnotationView.swift; sourceTree = "<group>"; };
		BBC2BFA32B11364B00502399 /* UserDetailsView.swift */ = {isa = PBXFileReference; lastKnownFileType = sourcecode.swift; path = UserDetailsView.swift; sourceTree = "<group>"; };
		BBE7AA2C2B0F9FCE0069078A /* MapCameraPosition.swift */ = {isa = PBXFileReference; lastKnownFileType = sourcecode.swift; path = MapCameraPosition.swift; sourceTree = "<group>"; };
		BBE7AA2E2B0FA3000069078A /* Pet.swift */ = {isa = PBXFileReference; lastKnownFileType = sourcecode.swift; path = Pet.swift; sourceTree = "<group>"; };
		BBE7AA312B0FA4600069078A /* PetCoreData.xcdatamodel */ = {isa = PBXFileReference; lastKnownFileType = wrapper.xcdatamodel; path = PetCoreData.xcdatamodel; sourceTree = "<group>"; };
		BBE7AA332B0FA4FE0069078A /* PetCoreDataManager.swift */ = {isa = PBXFileReference; lastKnownFileType = sourcecode.swift; path = PetCoreDataManager.swift; sourceTree = "<group>"; };
		BBE7AA362B0FA5D00069078A /* Persistence.swift */ = {isa = PBXFileReference; lastKnownFileType = sourcecode.swift; path = Persistence.swift; sourceTree = "<group>"; };
		BBE7AA382B0FA8BF0069078A /* ContentTabView.swift */ = {isa = PBXFileReference; lastKnownFileType = sourcecode.swift; path = ContentTabView.swift; sourceTree = "<group>"; };
		BBE7AA3A2B0FA8E30069078A /* PetsView.swift */ = {isa = PBXFileReference; lastKnownFileType = sourcecode.swift; path = PetsView.swift; sourceTree = "<group>"; };
		BBE7AA3D2B0FA90B0069078A /* PetCellView.swift */ = {isa = PBXFileReference; lastKnownFileType = sourcecode.swift; path = PetCellView.swift; sourceTree = "<group>"; };
		BBE7AA3F2B0FA9170069078A /* KeyChainView.swift */ = {isa = PBXFileReference; lastKnownFileType = sourcecode.swift; path = KeyChainView.swift; sourceTree = "<group>"; };
		BBE7AA412B0FA9960069078A /* KeyChainViewModel.swift */ = {isa = PBXFileReference; lastKnownFileType = sourcecode.swift; path = KeyChainViewModel.swift; sourceTree = "<group>"; };
		BBE7AA432B0FACAD0069078A /* PetCoreDataV2.xcdatamodel */ = {isa = PBXFileReference; lastKnownFileType = wrapper.xcdatamodel; path = PetCoreDataV2.xcdatamodel; sourceTree = "<group>"; };
/* End PBXFileReference section */

/* Begin PBXFrameworksBuildPhase section */
		BB7DCF622B0E880D00D70D3E /* Frameworks */ = {
			isa = PBXFrameworksBuildPhase;
			buildActionMask = 2147483647;
			files = (
			);
			runOnlyForDeploymentPostprocessing = 0;
		};
/* End PBXFrameworksBuildPhase section */

/* Begin PBXGroup section */
		BB7DCF5C2B0E880D00D70D3E = {
			isa = PBXGroup;
			children = (
				BB7DCF672B0E880D00D70D3E /* UsersMap */,
				BB7DCF662B0E880D00D70D3E /* Products */,
			);
			sourceTree = "<group>";
		};
		BB7DCF662B0E880D00D70D3E /* Products */ = {
			isa = PBXGroup;
			children = (
				BB7DCF652B0E880D00D70D3E /* UsersMap.app */,
			);
			name = Products;
			sourceTree = "<group>";
		};
		BB7DCF672B0E880D00D70D3E /* UsersMap */ = {
			isa = PBXGroup;
			children = (
				BB91C0452B113D4D00B14096 /* Coordinator */,
				BBE7AA382B0FA8BF0069078A /* ContentTabView.swift */,
				BB7DCF682B0E880D00D70D3E /* UsersMapApp.swift */,
				BB7DCF6C2B0E880E00D70D3E /* Assets.xcassets */,
				BBE7AA352B0FA5C40069078A /* CoreData */,
				BB7DCF7C2B0E88D600D70D3E /* Enums */,
				BB7DCF8E2B0E8A4000D70D3E /* Extensions */,
				BB7DCF912B0E8C7100D70D3E /* Models */,
				BB7DCF6E2B0E880E00D70D3E /* Preview Content */,
				BB7DCF7E2B0E88D600D70D3E /* Utilities */,
				BB7DCF812B0E88D600D70D3E /* ViewModels */,
				BB7DCF762B0E88D600D70D3E /* Views */,
			);
			path = UsersMap;
			sourceTree = "<group>";
		};
		BB7DCF6E2B0E880E00D70D3E /* Preview Content */ = {
			isa = PBXGroup;
			children = (
				BB7DCF6F2B0E880E00D70D3E /* Preview Assets.xcassets */,
			);
			path = "Preview Content";
			sourceTree = "<group>";
		};
		BB7DCF762B0E88D600D70D3E /* Views */ = {
			isa = PBXGroup;
			children = (
				BBC2BFA02B112F9900502399 /* UserMapView */,
				BBE7AA3C2B0FA8F00069078A /* PetsView */,
				BBE7AA3F2B0FA9170069078A /* KeyChainView.swift */,
			);
			path = Views;
			sourceTree = "<group>";
		};
		BB7DCF7C2B0E88D600D70D3E /* Enums */ = {
			isa = PBXGroup;
			children = (
				BB7DCF7D2B0E88D600D70D3E /* NetworkError.swift */,
			);
			path = Enums;
			sourceTree = "<group>";
		};
		BB7DCF7E2B0E88D600D70D3E /* Utilities */ = {
			isa = PBXGroup;
			children = (
				BB7DCF7F2B0E88D600D70D3E /* Constants.swift */,
				BB7DCF802B0E88D600D70D3E /* NetworkManager.swift */,
				BB7DCF8C2B0E890600D70D3E /* LocationManager.swift */,
				BBE7AA332B0FA4FE0069078A /* PetCoreDataManager.swift */,
			);
			path = Utilities;
			sourceTree = "<group>";
		};
		BB7DCF812B0E88D600D70D3E /* ViewModels */ = {
			isa = PBXGroup;
			children = (
				BB7DCF822B0E88D600D70D3E /* UserMapViewModel.swift */,
				BBE7AA412B0FA9960069078A /* KeyChainViewModel.swift */,
				BBA5B4D82B0FAE930079A4A2 /* PetsViewModel.swift */,
			);
			path = ViewModels;
			sourceTree = "<group>";
		};
		BB7DCF8E2B0E8A4000D70D3E /* Extensions */ = {
			isa = PBXGroup;
			children = (
				BB7DCF8F2B0E8A4C00D70D3E /* MKCoordinateRegion.swift */,
				BBE7AA2C2B0F9FCE0069078A /* MapCameraPosition.swift */,
			);
			path = Extensions;
			sourceTree = "<group>";
		};
		BB7DCF912B0E8C7100D70D3E /* Models */ = {
			isa = PBXGroup;
			children = (
				BB7DCF922B0E8C8200D70D3E /* User.swift */,
				BBE7AA2E2B0FA3000069078A /* Pet.swift */,
			);
			path = Models;
			sourceTree = "<group>";
		};
		BB91C0452B113D4D00B14096 /* Coordinator */ = {
			isa = PBXGroup;
			children = (
				BB91C0462B113D9C00B14096 /* MainCoordinator.swift */,
			);
			path = Coordinator;
			sourceTree = "<group>";
		};
		BBC2BFA02B112F9900502399 /* UserMapView */ = {
			isa = PBXGroup;
			children = (
				BB7DCF8A2B0E88F200D70D3E /* UserMapView.swift */,
				BBC2BFA12B112FB400502399 /* UserMapAnnotationView.swift */,
				BBC2BFA32B11364B00502399 /* UserDetailsView.swift */,
				BB91C0482B113F6800B14096 /* UserMapStartView.swift */,
			);
			path = UserMapView;
			sourceTree = "<group>";
		};
		BBE7AA352B0FA5C40069078A /* CoreData */ = {
			isa = PBXGroup;
			children = (
				BBE7AA302B0FA4600069078A /* PetCoreData.xcdatamodeld */,
				BBE7AA362B0FA5D00069078A /* Persistence.swift */,
			);
			path = CoreData;
			sourceTree = "<group>";
		};
		BBE7AA3C2B0FA8F00069078A /* PetsView */ = {
			isa = PBXGroup;
			children = (
				BBE7AA3A2B0FA8E30069078A /* PetsView.swift */,
				BBE7AA3D2B0FA90B0069078A /* PetCellView.swift */,
			);
			path = PetsView;
			sourceTree = "<group>";
		};
/* End PBXGroup section */

/* Begin PBXNativeTarget section */
		BB7DCF642B0E880D00D70D3E /* UsersMap */ = {
			isa = PBXNativeTarget;
			buildConfigurationList = BB7DCF732B0E880E00D70D3E /* Build configuration list for PBXNativeTarget "UsersMap" */;
			buildPhases = (
				BB7DCF612B0E880D00D70D3E /* Sources */,
				BB7DCF622B0E880D00D70D3E /* Frameworks */,
				BB7DCF632B0E880D00D70D3E /* Resources */,
			);
			buildRules = (
			);
			dependencies = (
			);
			name = UsersMap;
			productName = UsersMap;
			productReference = BB7DCF652B0E880D00D70D3E /* UsersMap.app */;
			productType = "com.apple.product-type.application";
		};
/* End PBXNativeTarget section */

/* Begin PBXProject section */
		BB7DCF5D2B0E880D00D70D3E /* Project object */ = {
			isa = PBXProject;
			attributes = {
				BuildIndependentTargetsInParallel = 1;
				LastSwiftUpdateCheck = 1500;
				LastUpgradeCheck = 1500;
				TargetAttributes = {
					BB7DCF642B0E880D00D70D3E = {
						CreatedOnToolsVersion = 15.0.1;
					};
				};
			};
			buildConfigurationList = BB7DCF602B0E880D00D70D3E /* Build configuration list for PBXProject "UsersMap" */;
			compatibilityVersion = "Xcode 14.0";
			developmentRegion = en;
			hasScannedForEncodings = 0;
			knownRegions = (
				en,
				Base,
			);
			mainGroup = BB7DCF5C2B0E880D00D70D3E;
			productRefGroup = BB7DCF662B0E880D00D70D3E /* Products */;
			projectDirPath = "";
			projectRoot = "";
			targets = (
				BB7DCF642B0E880D00D70D3E /* UsersMap */,
			);
		};
/* End PBXProject section */

/* Begin PBXResourcesBuildPhase section */
		BB7DCF632B0E880D00D70D3E /* Resources */ = {
			isa = PBXResourcesBuildPhase;
			buildActionMask = 2147483647;
			files = (
				BB7DCF702B0E880E00D70D3E /* Preview Assets.xcassets in Resources */,
				BB7DCF6D2B0E880E00D70D3E /* Assets.xcassets in Resources */,
			);
			runOnlyForDeploymentPostprocessing = 0;
		};
/* End PBXResourcesBuildPhase section */

/* Begin PBXSourcesBuildPhase section */
		BB7DCF612B0E880D00D70D3E /* Sources */ = {
			isa = PBXSourcesBuildPhase;
			buildActionMask = 2147483647;
			files = (
				BBE7AA3B2B0FA8E30069078A /* PetsView.swift in Sources */,
				BBE7AA3E2B0FA90B0069078A /* PetCellView.swift in Sources */,
				BB7DCF8B2B0E88F200D70D3E /* UserMapView.swift in Sources */,
				BBE7AA392B0FA8BF0069078A /* ContentTabView.swift in Sources */,
				BB7DCF902B0E8A4C00D70D3E /* MKCoordinateRegion.swift in Sources */,
				BBE7AA422B0FA9960069078A /* KeyChainViewModel.swift in Sources */,
				BBE7AA342B0FA4FE0069078A /* PetCoreDataManager.swift in Sources */,
				BB7DCF692B0E880D00D70D3E /* UsersMapApp.swift in Sources */,
				BB91C0472B113D9C00B14096 /* MainCoordinator.swift in Sources */,
				BB7DCF862B0E88D600D70D3E /* NetworkError.swift in Sources */,
				BBE7AA2D2B0F9FCE0069078A /* MapCameraPosition.swift in Sources */,
				BB7DCF8D2B0E890600D70D3E /* LocationManager.swift in Sources */,
				BBC2BFA22B112FB400502399 /* UserMapAnnotationView.swift in Sources */,
				BBC2BFA42B11364B00502399 /* UserDetailsView.swift in Sources */,
				BBE7AA402B0FA9170069078A /* KeyChainView.swift in Sources */,
				BB7DCF882B0E88D600D70D3E /* NetworkManager.swift in Sources */,
				BB7DCF892B0E88D600D70D3E /* UserMapViewModel.swift in Sources */,
				BBE7AA372B0FA5D00069078A /* Persistence.swift in Sources */,
				BBE7AA322B0FA4600069078A /* PetCoreData.xcdatamodeld in Sources */,
				BB7DCF932B0E8C8200D70D3E /* User.swift in Sources */,
				BB7DCF872B0E88D600D70D3E /* Constants.swift in Sources */,
				BBA5B4D92B0FAE930079A4A2 /* PetsViewModel.swift in Sources */,
				BBE7AA2F2B0FA3000069078A /* Pet.swift in Sources */,
				BB91C0492B113F6800B14096 /* UserMapStartView.swift in Sources */,
			);
			runOnlyForDeploymentPostprocessing = 0;
		};
/* End PBXSourcesBuildPhase section */

/* Begin XCBuildConfiguration section */
		BB7DCF712B0E880E00D70D3E /* Debug */ = {
			isa = XCBuildConfiguration;
			buildSettings = {
				ALWAYS_SEARCH_USER_PATHS = NO;
				ASSETCATALOG_COMPILER_GENERATE_SWIFT_ASSET_SYMBOL_EXTENSIONS = YES;
				CLANG_ANALYZER_NONNULL = YES;
				CLANG_ANALYZER_NUMBER_OBJECT_CONVERSION = YES_AGGRESSIVE;
				CLANG_CXX_LANGUAGE_STANDARD = "gnu++20";
				CLANG_ENABLE_MODULES = YES;
				CLANG_ENABLE_OBJC_ARC = YES;
				CLANG_ENABLE_OBJC_WEAK = YES;
				CLANG_WARN_BLOCK_CAPTURE_AUTORELEASING = YES;
				CLANG_WARN_BOOL_CONVERSION = YES;
				CLANG_WARN_COMMA = YES;
				CLANG_WARN_CONSTANT_CONVERSION = YES;
				CLANG_WARN_DEPRECATED_OBJC_IMPLEMENTATIONS = YES;
				CLANG_WARN_DIRECT_OBJC_ISA_USAGE = YES_ERROR;
				CLANG_WARN_DOCUMENTATION_COMMENTS = YES;
				CLANG_WARN_EMPTY_BODY = YES;
				CLANG_WARN_ENUM_CONVERSION = YES;
				CLANG_WARN_INFINITE_RECURSION = YES;
				CLANG_WARN_INT_CONVERSION = YES;
				CLANG_WARN_NON_LITERAL_NULL_CONVERSION = YES;
				CLANG_WARN_OBJC_IMPLICIT_RETAIN_SELF = YES;
				CLANG_WARN_OBJC_LITERAL_CONVERSION = YES;
				CLANG_WARN_OBJC_ROOT_CLASS = YES_ERROR;
				CLANG_WARN_QUOTED_INCLUDE_IN_FRAMEWORK_HEADER = YES;
				CLANG_WARN_RANGE_LOOP_ANALYSIS = YES;
				CLANG_WARN_STRICT_PROTOTYPES = YES;
				CLANG_WARN_SUSPICIOUS_MOVE = YES;
				CLANG_WARN_UNGUARDED_AVAILABILITY = YES_AGGRESSIVE;
				CLANG_WARN_UNREACHABLE_CODE = YES;
				CLANG_WARN__DUPLICATE_METHOD_MATCH = YES;
				COPY_PHASE_STRIP = NO;
				DEBUG_INFORMATION_FORMAT = dwarf;
				ENABLE_STRICT_OBJC_MSGSEND = YES;
				ENABLE_TESTABILITY = YES;
				ENABLE_USER_SCRIPT_SANDBOXING = YES;
				GCC_C_LANGUAGE_STANDARD = gnu17;
				GCC_DYNAMIC_NO_PIC = NO;
				GCC_NO_COMMON_BLOCKS = YES;
				GCC_OPTIMIZATION_LEVEL = 0;
				GCC_PREPROCESSOR_DEFINITIONS = (
					"DEBUG=1",
					"$(inherited)",
				);
				GCC_WARN_64_TO_32_BIT_CONVERSION = YES;
				GCC_WARN_ABOUT_RETURN_TYPE = YES_ERROR;
				GCC_WARN_UNDECLARED_SELECTOR = YES;
				GCC_WARN_UNINITIALIZED_AUTOS = YES_AGGRESSIVE;
				GCC_WARN_UNUSED_FUNCTION = YES;
				GCC_WARN_UNUSED_VARIABLE = YES;
				IPHONEOS_DEPLOYMENT_TARGET = 17.0;
				LOCALIZATION_PREFERS_STRING_CATALOGS = YES;
				MTL_ENABLE_DEBUG_INFO = INCLUDE_SOURCE;
				MTL_FAST_MATH = YES;
				ONLY_ACTIVE_ARCH = YES;
				SDKROOT = iphoneos;
				SWIFT_ACTIVE_COMPILATION_CONDITIONS = "DEBUG $(inherited)";
				SWIFT_OPTIMIZATION_LEVEL = "-Onone";
			};
			name = Debug;
		};
		BB7DCF722B0E880E00D70D3E /* Release */ = {
			isa = XCBuildConfiguration;
			buildSettings = {
				ALWAYS_SEARCH_USER_PATHS = NO;
				ASSETCATALOG_COMPILER_GENERATE_SWIFT_ASSET_SYMBOL_EXTENSIONS = YES;
				CLANG_ANALYZER_NONNULL = YES;
				CLANG_ANALYZER_NUMBER_OBJECT_CONVERSION = YES_AGGRESSIVE;
				CLANG_CXX_LANGUAGE_STANDARD = "gnu++20";
				CLANG_ENABLE_MODULES = YES;
				CLANG_ENABLE_OBJC_ARC = YES;
				CLANG_ENABLE_OBJC_WEAK = YES;
				CLANG_WARN_BLOCK_CAPTURE_AUTORELEASING = YES;
				CLANG_WARN_BOOL_CONVERSION = YES;
				CLANG_WARN_COMMA = YES;
				CLANG_WARN_CONSTANT_CONVERSION = YES;
				CLANG_WARN_DEPRECATED_OBJC_IMPLEMENTATIONS = YES;
				CLANG_WARN_DIRECT_OBJC_ISA_USAGE = YES_ERROR;
				CLANG_WARN_DOCUMENTATION_COMMENTS = YES;
				CLANG_WARN_EMPTY_BODY = YES;
				CLANG_WARN_ENUM_CONVERSION = YES;
				CLANG_WARN_INFINITE_RECURSION = YES;
				CLANG_WARN_INT_CONVERSION = YES;
				CLANG_WARN_NON_LITERAL_NULL_CONVERSION = YES;
				CLANG_WARN_OBJC_IMPLICIT_RETAIN_SELF = YES;
				CLANG_WARN_OBJC_LITERAL_CONVERSION = YES;
				CLANG_WARN_OBJC_ROOT_CLASS = YES_ERROR;
				CLANG_WARN_QUOTED_INCLUDE_IN_FRAMEWORK_HEADER = YES;
				CLANG_WARN_RANGE_LOOP_ANALYSIS = YES;
				CLANG_WARN_STRICT_PROTOTYPES = YES;
				CLANG_WARN_SUSPICIOUS_MOVE = YES;
				CLANG_WARN_UNGUARDED_AVAILABILITY = YES_AGGRESSIVE;
				CLANG_WARN_UNREACHABLE_CODE = YES;
				CLANG_WARN__DUPLICATE_METHOD_MATCH = YES;
				COPY_PHASE_STRIP = NO;
				DEBUG_INFORMATION_FORMAT = "dwarf-with-dsym";
				ENABLE_NS_ASSERTIONS = NO;
				ENABLE_STRICT_OBJC_MSGSEND = YES;
				ENABLE_USER_SCRIPT_SANDBOXING = YES;
				GCC_C_LANGUAGE_STANDARD = gnu17;
				GCC_NO_COMMON_BLOCKS = YES;
				GCC_WARN_64_TO_32_BIT_CONVERSION = YES;
				GCC_WARN_ABOUT_RETURN_TYPE = YES_ERROR;
				GCC_WARN_UNDECLARED_SELECTOR = YES;
				GCC_WARN_UNINITIALIZED_AUTOS = YES_AGGRESSIVE;
				GCC_WARN_UNUSED_FUNCTION = YES;
				GCC_WARN_UNUSED_VARIABLE = YES;
				IPHONEOS_DEPLOYMENT_TARGET = 17.0;
				LOCALIZATION_PREFERS_STRING_CATALOGS = YES;
				MTL_ENABLE_DEBUG_INFO = NO;
				MTL_FAST_MATH = YES;
				SDKROOT = iphoneos;
				SWIFT_COMPILATION_MODE = wholemodule;
				VALIDATE_PRODUCT = YES;
			};
			name = Release;
		};
		BB7DCF742B0E880E00D70D3E /* Debug */ = {
			isa = XCBuildConfiguration;
			buildSettings = {
				ASSETCATALOG_COMPILER_APPICON_NAME = AppIcon;
				ASSETCATALOG_COMPILER_GLOBAL_ACCENT_COLOR_NAME = AccentColor;
				CODE_SIGN_STYLE = Automatic;
				CURRENT_PROJECT_VERSION = 1;
				DEVELOPMENT_ASSET_PATHS = "\"UsersMap/Preview Content\"";
				DEVELOPMENT_TEAM = FVEGF5DQ7U;
				ENABLE_PREVIEWS = YES;
				GENERATE_INFOPLIST_FILE = YES;
				INFOPLIST_KEY_NSLocationWhenInUseUsageDescription = "Please provide the location permission for better user experience on the app.";
				INFOPLIST_KEY_UIApplicationSceneManifest_Generation = YES;
				INFOPLIST_KEY_UIApplicationSupportsIndirectInputEvents = YES;
				INFOPLIST_KEY_UILaunchScreen_Generation = YES;
				INFOPLIST_KEY_UISupportedInterfaceOrientations_iPad = "UIInterfaceOrientationPortrait UIInterfaceOrientationPortraitUpsideDown UIInterfaceOrientationLandscapeLeft UIInterfaceOrientationLandscapeRight";
				INFOPLIST_KEY_UISupportedInterfaceOrientations_iPhone = "UIInterfaceOrientationPortrait UIInterfaceOrientationLandscapeLeft UIInterfaceOrientationLandscapeRight";
				LD_RUNPATH_SEARCH_PATHS = (
					"$(inherited)",
					"@executable_path/Frameworks",
				);
				MARKETING_VERSION = 1.0;
				PRODUCT_BUNDLE_IDENTIFIER = sugurutokuda.UsersMap;
				PRODUCT_NAME = "$(TARGET_NAME)";
				SWIFT_EMIT_LOC_STRINGS = YES;
				SWIFT_VERSION = 5.0;
				TARGETED_DEVICE_FAMILY = "1,2";
			};
			name = Debug;
		};
		BB7DCF752B0E880E00D70D3E /* Release */ = {
			isa = XCBuildConfiguration;
			buildSettings = {
				ASSETCATALOG_COMPILER_APPICON_NAME = AppIcon;
				ASSETCATALOG_COMPILER_GLOBAL_ACCENT_COLOR_NAME = AccentColor;
				CODE_SIGN_STYLE = Automatic;
				CURRENT_PROJECT_VERSION = 1;
				DEVELOPMENT_ASSET_PATHS = "\"UsersMap/Preview Content\"";
				DEVELOPMENT_TEAM = FVEGF5DQ7U;
				ENABLE_PREVIEWS = YES;
				GENERATE_INFOPLIST_FILE = YES;
				INFOPLIST_KEY_NSLocationWhenInUseUsageDescription = "Please provide the location permission for better user experience on the app.";
				INFOPLIST_KEY_UIApplicationSceneManifest_Generation = YES;
				INFOPLIST_KEY_UIApplicationSupportsIndirectInputEvents = YES;
				INFOPLIST_KEY_UILaunchScreen_Generation = YES;
				INFOPLIST_KEY_UISupportedInterfaceOrientations_iPad = "UIInterfaceOrientationPortrait UIInterfaceOrientationPortraitUpsideDown UIInterfaceOrientationLandscapeLeft UIInterfaceOrientationLandscapeRight";
				INFOPLIST_KEY_UISupportedInterfaceOrientations_iPhone = "UIInterfaceOrientationPortrait UIInterfaceOrientationLandscapeLeft UIInterfaceOrientationLandscapeRight";
				LD_RUNPATH_SEARCH_PATHS = (
					"$(inherited)",
					"@executable_path/Frameworks",
				);
				MARKETING_VERSION = 1.0;
				PRODUCT_BUNDLE_IDENTIFIER = sugurutokuda.UsersMap;
				PRODUCT_NAME = "$(TARGET_NAME)";
				SWIFT_EMIT_LOC_STRINGS = YES;
				SWIFT_VERSION = 5.0;
				TARGETED_DEVICE_FAMILY = "1,2";
			};
			name = Release;
		};
/* End XCBuildConfiguration section */

/* Begin XCConfigurationList section */
		BB7DCF602B0E880D00D70D3E /* Build configuration list for PBXProject "UsersMap" */ = {
			isa = XCConfigurationList;
			buildConfigurations = (
				BB7DCF712B0E880E00D70D3E /* Debug */,
				BB7DCF722B0E880E00D70D3E /* Release */,
			);
			defaultConfigurationIsVisible = 0;
			defaultConfigurationName = Release;
		};
		BB7DCF732B0E880E00D70D3E /* Build configuration list for PBXNativeTarget "UsersMap" */ = {
			isa = XCConfigurationList;
			buildConfigurations = (
				BB7DCF742B0E880E00D70D3E /* Debug */,
				BB7DCF752B0E880E00D70D3E /* Release */,
			);
			defaultConfigurationIsVisible = 0;
			defaultConfigurationName = Release;
		};
/* End XCConfigurationList section */

/* Begin XCVersionGroup section */
		BBE7AA302B0FA4600069078A /* PetCoreData.xcdatamodeld */ = {
			isa = XCVersionGroup;
			children = (
				BBE7AA432B0FACAD0069078A /* PetCoreDataV2.xcdatamodel */,
				BBE7AA312B0FA4600069078A /* PetCoreData.xcdatamodel */,
			);
			currentVersion = BBE7AA432B0FACAD0069078A /* PetCoreDataV2.xcdatamodel */;
			path = PetCoreData.xcdatamodeld;
			sourceTree = "<group>";
			versionGroupType = wrapper.xcdatamodel;
		};
/* End XCVersionGroup section */
	};
	rootObject = BB7DCF5D2B0E880D00D70D3E /* Project object */;
}
